
Microsoft Visual Studio Solution File, Format Version 12.00
# Visual Studio Version 16
VisualStudioVersion = 16.0.28803.452
MinimumVisualStudioVersion = 10.0.40219.1
Project("{FAE04EC0-301F-11D3-BF4B-00C04F79EFBC}") = "TrainingApp", "TrainingApp\TrainingApp.csproj", "{69E22B37-BBCD-4D7F-A3AD-01E3177D36C7}"
EndProject
Global
	GlobalSection(SolutionConfigurationPlatforms) = preSolution
		Debug|Any CPU = Debug|Any CPU
		Release|Any CPU = Release|Any CPU
	EndGlobalSection
	GlobalSection(ProjectConfigurationPlatforms) = postSolution
		{69E22B37-BBCD-4D7F-A3AD-01E3177D36C7}.Debug|Any CPU.ActiveCfg = Debug|Any CPU
		{69E22B37-BBCD-4D7F-A3AD-01E3177D36C7}.Debug|Any CPU.Build.0 = Debug|Any CPU
		{69E22B37-BBCD-4D7F-A3AD-01E3177D36C7}.Release|Any CPU.ActiveCfg = Release|Any CPU
		{69E22B37-BBCD-4D7F-A3AD-01E3177D36C7}.Release|Any CPU.Build.0 = Release|Any CPU
	EndGlobalSection
	GlobalSection(SolutionProperties) = preSolution
		HideSolutionNode = FALSE
	EndGlobalSection
	GlobalSection(ExtensibilityGlobals) = postSolution
		SolutionGuid = {D494BA11-C807-4A8E-A044-717C9BBC716F}
	EndGlobalSection
EndGlobal
